// !$*UTF8*$!
{
	archiveVersion = 1;
	classes = {
	};
	objectVersion = 46;
	objects = {

/* Begin PBXBuildFile section */
		7A4202061864AF47003BC129 /* Foundation.framework in Frameworks */ = {isa = PBXBuildFile; fileRef = 7A4202051864AF47003BC129 /* Foundation.framework */; };
		7A4202081864AF47003BC129 /* CoreGraphics.framework in Frameworks */ = {isa = PBXBuildFile; fileRef = 7A4202071864AF47003BC129 /* CoreGraphics.framework */; };
		7A42020A1864AF47003BC129 /* UIKit.framework in Frameworks */ = {isa = PBXBuildFile; fileRef = 7A4202091864AF47003BC129 /* UIKit.framework */; };
		7A4202101864AF47003BC129 /* InfoPlist.strings in Resources */ = {isa = PBXBuildFile; fileRef = 7A42020E1864AF47003BC129 /* InfoPlist.strings */; };
		7A4202121864AF47003BC129 /* main.m in Sources */ = {isa = PBXBuildFile; fileRef = 7A4202111864AF47003BC129 /* main.m */; };
		7A4202161864AF47003BC129 /* AppDelegate.m in Sources */ = {isa = PBXBuildFile; fileRef = 7A4202151864AF47003BC129 /* AppDelegate.m */; };
		7A4202181864AF47003BC129 /* Images.xcassets in Resources */ = {isa = PBXBuildFile; fileRef = 7A4202171864AF47003BC129 /* Images.xcassets */; };
		7A42021F1864AF47003BC129 /* XCTest.framework in Frameworks */ = {isa = PBXBuildFile; fileRef = 7A42021E1864AF47003BC129 /* XCTest.framework */; };
		7A4202201864AF47003BC129 /* Foundation.framework in Frameworks */ = {isa = PBXBuildFile; fileRef = 7A4202051864AF47003BC129 /* Foundation.framework */; };
		7A4202211864AF47003BC129 /* UIKit.framework in Frameworks */ = {isa = PBXBuildFile; fileRef = 7A4202091864AF47003BC129 /* UIKit.framework */; };
		7A4202291864AF47003BC129 /* InfoPlist.strings in Resources */ = {isa = PBXBuildFile; fileRef = 7A4202271864AF47003BC129 /* InfoPlist.strings */; };
		7A42022B1864AF47003BC129 /* MeetEmTests.m in Sources */ = {isa = PBXBuildFile; fileRef = 7A42022A1864AF47003BC129 /* MeetEmTests.m */; };
		7A42023518704071003BC129 /* Parse.framework in Frameworks */ = {isa = PBXBuildFile; fileRef = 7A42023418704071003BC129 /* Parse.framework */; };
		7A42023718704085003BC129 /* FacebookSDK.framework in Frameworks */ = {isa = PBXBuildFile; fileRef = 7A42023618704085003BC129 /* FacebookSDK.framework */; };
		7A420239187040E7003BC129 /* libTestFlight.a in Frameworks */ = {isa = PBXBuildFile; fileRef = 7A420238187040E7003BC129 /* libTestFlight.a */; };
		7A42023B18704119003BC129 /* Social.framework in Frameworks */ = {isa = PBXBuildFile; fileRef = 7A42023A18704119003BC129 /* Social.framework */; };
		7A42023D18704128003BC129 /* AddressBook.framework in Frameworks */ = {isa = PBXBuildFile; fileRef = 7A42023C18704128003BC129 /* AddressBook.framework */; };
		7A42023F18704139003BC129 /* Accounts.framework in Frameworks */ = {isa = PBXBuildFile; fileRef = 7A42023E18704139003BC129 /* Accounts.framework */; };
		7A42024118704155003BC129 /* SystemConfiguration.framework in Frameworks */ = {isa = PBXBuildFile; fileRef = 7A42024018704155003BC129 /* SystemConfiguration.framework */; };
		7A42024318704166003BC129 /* Security.framework in Frameworks */ = {isa = PBXBuildFile; fileRef = 7A42024218704166003BC129 /* Security.framework */; };
		7A42024518704178003BC129 /* QuartzCore.framework in Frameworks */ = {isa = PBXBuildFile; fileRef = 7A42024418704178003BC129 /* QuartzCore.framework */; };
		7A42024718704187003BC129 /* MobileCoreServices.framework in Frameworks */ = {isa = PBXBuildFile; fileRef = 7A42024618704187003BC129 /* MobileCoreServices.framework */; };
		7A4202491870419D003BC129 /* libz.1.1.3.dylib in Frameworks */ = {isa = PBXBuildFile; fileRef = 7A4202481870419D003BC129 /* libz.1.1.3.dylib */; };
		7A42024B187041AE003BC129 /* CoreLocation.framework in Frameworks */ = {isa = PBXBuildFile; fileRef = 7A42024A187041AE003BC129 /* CoreLocation.framework */; };
		7A42024D187041D0003BC129 /* CFNetwork.framework in Frameworks */ = {isa = PBXBuildFile; fileRef = 7A42024C187041D0003BC129 /* CFNetwork.framework */; };
		7A42024F187041DF003BC129 /* AudioToolbox.framework in Frameworks */ = {isa = PBXBuildFile; fileRef = 7A42024E187041DF003BC129 /* AudioToolbox.framework */; };
		7A420251187041EE003BC129 /* libz.dylib in Frameworks */ = {isa = PBXBuildFile; fileRef = 7A420250187041EE003BC129 /* libz.dylib */; };
		7A420256187043EB003BC129 /* Main.storyboard in Resources */ = {isa = PBXBuildFile; fileRef = 7A420255187043EA003BC129 /* Main.storyboard */; };
		7A420259187044CA003BC129 /* FunctionTestViewController.m in Sources */ = {isa = PBXBuildFile; fileRef = 7A420258187044CA003BC129 /* FunctionTestViewController.m */; };
		7A42025C1870458B003BC129 /* InvitesViewController.m in Sources */ = {isa = PBXBuildFile; fileRef = 7A42025B1870458B003BC129 /* InvitesViewController.m */; };
		7A42025F187045DB003BC129 /* FriendsViewController.m in Sources */ = {isa = PBXBuildFile; fileRef = 7A42025E187045DB003BC129 /* FriendsViewController.m */; };
		7A420263187046C4003BC129 /* Logger.m in Sources */ = {isa = PBXBuildFile; fileRef = 7A420262187046C4003BC129 /* Logger.m */; };
		7A420266187047AD003BC129 /* UIWebviewInterfaceController.m in Sources */ = {isa = PBXBuildFile; fileRef = 7A420265187047AD003BC129 /* UIWebviewInterfaceController.m */; };
		7A420269187047EB003BC129 /* JSONHelper.m in Sources */ = {isa = PBXBuildFile; fileRef = 7A420268187047EB003BC129 /* JSONHelper.m */; };
		7A42026C187048EB003BC129 /* EventModel.m in Sources */ = {isa = PBXBuildFile; fileRef = 7A42026B187048EB003BC129 /* EventModel.m */; };
		7A42026F18704921003BC129 /* LocationController.m in Sources */ = {isa = PBXBuildFile; fileRef = 7A42026E18704921003BC129 /* LocationController.m */; };
		7A42027218704955003BC129 /* PushController.m in Sources */ = {isa = PBXBuildFile; fileRef = 7A42027118704955003BC129 /* PushController.m */; };
		7A42027518704989003BC129 /* ContactsModel.m in Sources */ = {isa = PBXBuildFile; fileRef = 7A42027418704989003BC129 /* ContactsModel.m */; };
		7A420278187049BA003BC129 /* SocialModel.m in Sources */ = {isa = PBXBuildFile; fileRef = 7A420277187049BA003BC129 /* SocialModel.m */; };
		7A42028318704BB0003BC129 /* ContactVO.m in Sources */ = {isa = PBXBuildFile; fileRef = 7A42028218704BB0003BC129 /* ContactVO.m */; };
		7A42028618704BF0003BC129 /* ViewController.m in Sources */ = {isa = PBXBuildFile; fileRef = 7A42028518704BF0003BC129 /* ViewController.m */; };
		7A42028A187056A5003BC129 /* prototyp_icon-58.png in Resources */ = {isa = PBXBuildFile; fileRef = 7A420287187056A5003BC129 /* prototyp_icon-58.png */; };
		7A42028B187056A5003BC129 /* prototyp_icon-80.png in Resources */ = {isa = PBXBuildFile; fileRef = 7A420288187056A5003BC129 /* prototyp_icon-80.png */; };
		7A42028C187056A5003BC129 /* prototyp_icon-120.png in Resources */ = {isa = PBXBuildFile; fileRef = 7A420289187056A5003BC129 /* prototyp_icon-120.png */; };
		7A42028E187F4913003BC129 /* MapKit.framework in Frameworks */ = {isa = PBXBuildFile; fileRef = 7A42028D187F4913003BC129 /* MapKit.framework */; };
		7A420291187F5317003BC129 /* MapModel.m in Sources */ = {isa = PBXBuildFile; fileRef = 7A420290187F5317003BC129 /* MapModel.m */; };
		7A420295187F5F58003BC129 /* UserMarker.m in Sources */ = {isa = PBXBuildFile; fileRef = 7A420294187F5F58003BC129 /* UserMarker.m */; };
/* End PBXBuildFile section */

/* Begin PBXContainerItemProxy section */
		7A4202221864AF47003BC129 /* PBXContainerItemProxy */ = {
			isa = PBXContainerItemProxy;
			containerPortal = 7A4201FA1864AF47003BC129 /* Project object */;
			proxyType = 1;
			remoteGlobalIDString = 7A4202011864AF47003BC129;
			remoteInfo = MeetEm;
		};
/* End PBXContainerItemProxy section */

/* Begin PBXFileReference section */
		7A4202021864AF47003BC129 /* MeetEm.app */ = {isa = PBXFileReference; explicitFileType = wrapper.application; includeInIndex = 0; path = MeetEm.app; sourceTree = BUILT_PRODUCTS_DIR; };
		7A4202051864AF47003BC129 /* Foundation.framework */ = {isa = PBXFileReference; lastKnownFileType = wrapper.framework; name = Foundation.framework; path = System/Library/Frameworks/Foundation.framework; sourceTree = SDKROOT; };
		7A4202071864AF47003BC129 /* CoreGraphics.framework */ = {isa = PBXFileReference; lastKnownFileType = wrapper.framework; name = CoreGraphics.framework; path = System/Library/Frameworks/CoreGraphics.framework; sourceTree = SDKROOT; };
		7A4202091864AF47003BC129 /* UIKit.framework */ = {isa = PBXFileReference; lastKnownFileType = wrapper.framework; name = UIKit.framework; path = System/Library/Frameworks/UIKit.framework; sourceTree = SDKROOT; };
		7A42020D1864AF47003BC129 /* MeetEm-Info.plist */ = {isa = PBXFileReference; lastKnownFileType = text.plist.xml; path = "MeetEm-Info.plist"; sourceTree = "<group>"; };
		7A42020F1864AF47003BC129 /* en */ = {isa = PBXFileReference; lastKnownFileType = text.plist.strings; name = en; path = en.lproj/InfoPlist.strings; sourceTree = "<group>"; };
		7A4202111864AF47003BC129 /* main.m */ = {isa = PBXFileReference; lastKnownFileType = sourcecode.c.objc; path = main.m; sourceTree = "<group>"; };
		7A4202131864AF47003BC129 /* MeetEm-Prefix.pch */ = {isa = PBXFileReference; lastKnownFileType = sourcecode.c.h; path = "MeetEm-Prefix.pch"; sourceTree = "<group>"; };
		7A4202141864AF47003BC129 /* AppDelegate.h */ = {isa = PBXFileReference; lastKnownFileType = sourcecode.c.h; path = AppDelegate.h; sourceTree = "<group>"; };
		7A4202151864AF47003BC129 /* AppDelegate.m */ = {isa = PBXFileReference; lastKnownFileType = sourcecode.c.objc; path = AppDelegate.m; sourceTree = "<group>"; };
		7A4202171864AF47003BC129 /* Images.xcassets */ = {isa = PBXFileReference; lastKnownFileType = folder.assetcatalog; path = Images.xcassets; sourceTree = "<group>"; };
		7A42021D1864AF47003BC129 /* MeetEmTests.xctest */ = {isa = PBXFileReference; explicitFileType = wrapper.cfbundle; includeInIndex = 0; path = MeetEmTests.xctest; sourceTree = BUILT_PRODUCTS_DIR; };
		7A42021E1864AF47003BC129 /* XCTest.framework */ = {isa = PBXFileReference; lastKnownFileType = wrapper.framework; name = XCTest.framework; path = Library/Frameworks/XCTest.framework; sourceTree = DEVELOPER_DIR; };
		7A4202261864AF47003BC129 /* MeetEmTests-Info.plist */ = {isa = PBXFileReference; lastKnownFileType = text.plist.xml; path = "MeetEmTests-Info.plist"; sourceTree = "<group>"; };
		7A4202281864AF47003BC129 /* en */ = {isa = PBXFileReference; lastKnownFileType = text.plist.strings; name = en; path = en.lproj/InfoPlist.strings; sourceTree = "<group>"; };
		7A42022A1864AF47003BC129 /* MeetEmTests.m */ = {isa = PBXFileReference; lastKnownFileType = sourcecode.c.objc; path = MeetEmTests.m; sourceTree = "<group>"; };
		7A42023418704071003BC129 /* Parse.framework */ = {isa = PBXFileReference; lastKnownFileType = wrapper.framework; name = Parse.framework; path = ../../../../_FRAMEWORKS/Parse.framework; sourceTree = "<group>"; };
		7A42023618704085003BC129 /* FacebookSDK.framework */ = {isa = PBXFileReference; lastKnownFileType = wrapper.framework; name = FacebookSDK.framework; path = ../../../../_FRAMEWORKS/FacebookSDK/FacebookSDK.framework; sourceTree = "<group>"; };
		7A420238187040E7003BC129 /* libTestFlight.a */ = {isa = PBXFileReference; lastKnownFileType = archive.ar; name = libTestFlight.a; path = ../../../../_FRAMEWORKS/TestFlightSDK/libTestFlight.a; sourceTree = "<group>"; };
		7A42023A18704119003BC129 /* Social.framework */ = {isa = PBXFileReference; lastKnownFileType = wrapper.framework; name = Social.framework; path = System/Library/Frameworks/Social.framework; sourceTree = SDKROOT; };
		7A42023C18704128003BC129 /* AddressBook.framework */ = {isa = PBXFileReference; lastKnownFileType = wrapper.framework; name = AddressBook.framework; path = System/Library/Frameworks/AddressBook.framework; sourceTree = SDKROOT; };
		7A42023E18704139003BC129 /* Accounts.framework */ = {isa = PBXFileReference; lastKnownFileType = wrapper.framework; name = Accounts.framework; path = System/Library/Frameworks/Accounts.framework; sourceTree = SDKROOT; };
		7A42024018704155003BC129 /* SystemConfiguration.framework */ = {isa = PBXFileReference; lastKnownFileType = wrapper.framework; name = SystemConfiguration.framework; path = System/Library/Frameworks/SystemConfiguration.framework; sourceTree = SDKROOT; };
		7A42024218704166003BC129 /* Security.framework */ = {isa = PBXFileReference; lastKnownFileType = wrapper.framework; name = Security.framework; path = System/Library/Frameworks/Security.framework; sourceTree = SDKROOT; };
		7A42024418704178003BC129 /* QuartzCore.framework */ = {isa = PBXFileReference; lastKnownFileType = wrapper.framework; name = QuartzCore.framework; path = System/Library/Frameworks/QuartzCore.framework; sourceTree = SDKROOT; };
		7A42024618704187003BC129 /* MobileCoreServices.framework */ = {isa = PBXFileReference; lastKnownFileType = wrapper.framework; name = MobileCoreServices.framework; path = System/Library/Frameworks/MobileCoreServices.framework; sourceTree = SDKROOT; };
		7A4202481870419D003BC129 /* libz.1.1.3.dylib */ = {isa = PBXFileReference; lastKnownFileType = "compiled.mach-o.dylib"; name = libz.1.1.3.dylib; path = usr/lib/libz.1.1.3.dylib; sourceTree = SDKROOT; };
		7A42024A187041AE003BC129 /* CoreLocation.framework */ = {isa = PBXFileReference; lastKnownFileType = wrapper.framework; name = CoreLocation.framework; path = System/Library/Frameworks/CoreLocation.framework; sourceTree = SDKROOT; };
		7A42024C187041D0003BC129 /* CFNetwork.framework */ = {isa = PBXFileReference; lastKnownFileType = wrapper.framework; name = CFNetwork.framework; path = System/Library/Frameworks/CFNetwork.framework; sourceTree = SDKROOT; };
		7A42024E187041DF003BC129 /* AudioToolbox.framework */ = {isa = PBXFileReference; lastKnownFileType = wrapper.framework; name = AudioToolbox.framework; path = System/Library/Frameworks/AudioToolbox.framework; sourceTree = SDKROOT; };
		7A420250187041EE003BC129 /* libz.dylib */ = {isa = PBXFileReference; lastKnownFileType = "compiled.mach-o.dylib"; name = libz.dylib; path = usr/lib/libz.dylib; sourceTree = SDKROOT; };
		7A42025218704230003BC129 /* TestFlight.h */ = {isa = PBXFileReference; fileEncoding = 4; lastKnownFileType = sourcecode.c.h; name = TestFlight.h; path = ../TestFlight.h; sourceTree = "<group>"; };
		7A420255187043EA003BC129 /* Main.storyboard */ = {isa = PBXFileReference; fileEncoding = 4; lastKnownFileType = file.storyboard; name = Main.storyboard; path = ../Main.storyboard; sourceTree = "<group>"; };
		7A420257187044CA003BC129 /* FunctionTestViewController.h */ = {isa = PBXFileReference; fileEncoding = 4; lastKnownFileType = sourcecode.c.h; name = FunctionTestViewController.h; path = controller/FunctionTestViewController.h; sourceTree = "<group>"; };
		7A420258187044CA003BC129 /* FunctionTestViewController.m */ = {isa = PBXFileReference; fileEncoding = 4; lastKnownFileType = sourcecode.c.objc; name = FunctionTestViewController.m; path = controller/FunctionTestViewController.m; sourceTree = "<group>"; };
		7A42025A1870458B003BC129 /* InvitesViewController.h */ = {isa = PBXFileReference; fileEncoding = 4; lastKnownFileType = sourcecode.c.h; name = InvitesViewController.h; path = controller/InvitesViewController.h; sourceTree = "<group>"; };
		7A42025B1870458B003BC129 /* InvitesViewController.m */ = {isa = PBXFileReference; fileEncoding = 4; lastKnownFileType = sourcecode.c.objc; name = InvitesViewController.m; path = controller/InvitesViewController.m; sourceTree = "<group>"; };
		7A42025D187045DB003BC129 /* FriendsViewController.h */ = {isa = PBXFileReference; fileEncoding = 4; lastKnownFileType = sourcecode.c.h; name = FriendsViewController.h; path = controller/FriendsViewController.h; sourceTree = "<group>"; };
		7A42025E187045DB003BC129 /* FriendsViewController.m */ = {isa = PBXFileReference; fileEncoding = 4; lastKnownFileType = sourcecode.c.objc; name = FriendsViewController.m; path = controller/FriendsViewController.m; sourceTree = "<group>"; };
		7A420261187046C4003BC129 /* Logger.h */ = {isa = PBXFileReference; fileEncoding = 4; lastKnownFileType = sourcecode.c.h; name = Logger.h; path = utils/Logger.h; sourceTree = "<group>"; };
		7A420262187046C4003BC129 /* Logger.m */ = {isa = PBXFileReference; fileEncoding = 4; lastKnownFileType = sourcecode.c.objc; name = Logger.m; path = utils/Logger.m; sourceTree = "<group>"; };
		7A420264187047AD003BC129 /* UIWebviewInterfaceController.h */ = {isa = PBXFileReference; fileEncoding = 4; lastKnownFileType = sourcecode.c.h; name = UIWebviewInterfaceController.h; path = utils/UIWebviewInterfaceController.h; sourceTree = "<group>"; };
		7A420265187047AD003BC129 /* UIWebviewInterfaceController.m */ = {isa = PBXFileReference; fileEncoding = 4; lastKnownFileType = sourcecode.c.objc; name = UIWebviewInterfaceController.m; path = utils/UIWebviewInterfaceController.m; sourceTree = "<group>"; };
		7A420267187047EB003BC129 /* JSONHelper.h */ = {isa = PBXFileReference; fileEncoding = 4; lastKnownFileType = sourcecode.c.h; name = JSONHelper.h; path = utils/JSONHelper.h; sourceTree = "<group>"; };
		7A420268187047EB003BC129 /* JSONHelper.m */ = {isa = PBXFileReference; fileEncoding = 4; lastKnownFileType = sourcecode.c.objc; name = JSONHelper.m; path = utils/JSONHelper.m; sourceTree = "<group>"; };
		7A42026A187048EB003BC129 /* EventModel.h */ = {isa = PBXFileReference; fileEncoding = 4; lastKnownFileType = sourcecode.c.h; name = EventModel.h; path = model/EventModel.h; sourceTree = "<group>"; };
		7A42026B187048EB003BC129 /* EventModel.m */ = {isa = PBXFileReference; fileEncoding = 4; lastKnownFileType = sourcecode.c.objc; name = EventModel.m; path = model/EventModel.m; sourceTree = "<group>"; };
		7A42026D18704921003BC129 /* LocationController.h */ = {isa = PBXFileReference; fileEncoding = 4; lastKnownFileType = sourcecode.c.h; name = LocationController.h; path = model/LocationController.h; sourceTree = "<group>"; };
		7A42026E18704921003BC129 /* LocationController.m */ = {isa = PBXFileReference; fileEncoding = 4; lastKnownFileType = sourcecode.c.objc; name = LocationController.m; path = model/LocationController.m; sourceTree = "<group>"; };
		7A42027018704955003BC129 /* PushController.h */ = {isa = PBXFileReference; fileEncoding = 4; lastKnownFileType = sourcecode.c.h; name = PushController.h; path = controller/PushController.h; sourceTree = "<group>"; };
		7A42027118704955003BC129 /* PushController.m */ = {isa = PBXFileReference; fileEncoding = 4; lastKnownFileType = sourcecode.c.objc; name = PushController.m; path = controller/PushController.m; sourceTree = "<group>"; };
		7A42027318704989003BC129 /* ContactsModel.h */ = {isa = PBXFileReference; fileEncoding = 4; lastKnownFileType = sourcecode.c.h; name = ContactsModel.h; path = model/ContactsModel.h; sourceTree = "<group>"; };
		7A42027418704989003BC129 /* ContactsModel.m */ = {isa = PBXFileReference; fileEncoding = 4; lastKnownFileType = sourcecode.c.objc; name = ContactsModel.m; path = model/ContactsModel.m; sourceTree = "<group>"; };
		7A420276187049BA003BC129 /* SocialModel.h */ = {isa = PBXFileReference; fileEncoding = 4; lastKnownFileType = sourcecode.c.h; name = SocialModel.h; path = model/SocialModel.h; sourceTree = "<group>"; };
		7A420277187049BA003BC129 /* SocialModel.m */ = {isa = PBXFileReference; fileEncoding = 4; lastKnownFileType = sourcecode.c.objc; name = SocialModel.m; path = model/SocialModel.m; sourceTree = "<group>"; };
		7A42027F18704B5B003BC129 /* SocialDelegate.h */ = {isa = PBXFileReference; fileEncoding = 4; lastKnownFileType = sourcecode.c.h; name = SocialDelegate.h; path = model/SocialDelegate.h; sourceTree = "<group>"; };
		7A42028118704BB0003BC129 /* ContactVO.h */ = {isa = PBXFileReference; fileEncoding = 4; lastKnownFileType = sourcecode.c.h; name = ContactVO.h; path = vo/ContactVO.h; sourceTree = "<group>"; };
		7A42028218704BB0003BC129 /* ContactVO.m */ = {isa = PBXFileReference; fileEncoding = 4; lastKnownFileType = sourcecode.c.objc; name = ContactVO.m; path = vo/ContactVO.m; sourceTree = "<group>"; };
		7A42028418704BF0003BC129 /* ViewController.h */ = {isa = PBXFileReference; fileEncoding = 4; lastKnownFileType = sourcecode.c.h; name = ViewController.h; path = controller/ViewController.h; sourceTree = "<group>"; };
		7A42028518704BF0003BC129 /* ViewController.m */ = {isa = PBXFileReference; fileEncoding = 4; lastKnownFileType = sourcecode.c.objc; name = ViewController.m; path = controller/ViewController.m; sourceTree = "<group>"; };
		7A420287187056A5003BC129 /* prototyp_icon-58.png */ = {isa = PBXFileReference; lastKnownFileType = image.png; path = "prototyp_icon-58.png"; sourceTree = "<group>"; };
		7A420288187056A5003BC129 /* prototyp_icon-80.png */ = {isa = PBXFileReference; lastKnownFileType = image.png; path = "prototyp_icon-80.png"; sourceTree = "<group>"; };
		7A420289187056A5003BC129 /* prototyp_icon-120.png */ = {isa = PBXFileReference; lastKnownFileType = image.png; path = "prototyp_icon-120.png"; sourceTree = "<group>"; };
		7A42028D187F4913003BC129 /* MapKit.framework */ = {isa = PBXFileReference; lastKnownFileType = wrapper.framework; name = MapKit.framework; path = System/Library/Frameworks/MapKit.framework; sourceTree = SDKROOT; };
		7A42028F187F5317003BC129 /* MapModel.h */ = {isa = PBXFileReference; fileEncoding = 4; lastKnownFileType = sourcecode.c.h; name = MapModel.h; path = model/MapModel.h; sourceTree = "<group>"; };
		7A420290187F5317003BC129 /* MapModel.m */ = {isa = PBXFileReference; fileEncoding = 4; lastKnownFileType = sourcecode.c.objc; name = MapModel.m; path = model/MapModel.m; sourceTree = "<group>"; };
		7A420293187F5F58003BC129 /* UserMarker.h */ = {isa = PBXFileReference; fileEncoding = 4; lastKnownFileType = sourcecode.c.h; name = UserMarker.h; path = view/UserMarker.h; sourceTree = "<group>"; };
		7A420294187F5F58003BC129 /* UserMarker.m */ = {isa = PBXFileReference; fileEncoding = 4; lastKnownFileType = sourcecode.c.objc; name = UserMarker.m; path = view/UserMarker.m; sourceTree = "<group>"; };
/* End PBXFileReference section */

/* Begin PBXFrameworksBuildPhase section */
		7A4201FF1864AF47003BC129 /* Frameworks */ = {
			isa = PBXFrameworksBuildPhase;
			buildActionMask = 2147483647;
			files = (
				7A42028E187F4913003BC129 /* MapKit.framework in Frameworks */,
				7A420251187041EE003BC129 /* libz.dylib in Frameworks */,
				7A42024F187041DF003BC129 /* AudioToolbox.framework in Frameworks */,
				7A42024D187041D0003BC129 /* CFNetwork.framework in Frameworks */,
				7A42024B187041AE003BC129 /* CoreLocation.framework in Frameworks */,
				7A4202491870419D003BC129 /* libz.1.1.3.dylib in Frameworks */,
				7A42024718704187003BC129 /* MobileCoreServices.framework in Frameworks */,
				7A42024518704178003BC129 /* QuartzCore.framework in Frameworks */,
				7A42024318704166003BC129 /* Security.framework in Frameworks */,
				7A42024118704155003BC129 /* SystemConfiguration.framework in Frameworks */,
				7A42023F18704139003BC129 /* Accounts.framework in Frameworks */,
				7A42023D18704128003BC129 /* AddressBook.framework in Frameworks */,
				7A42023B18704119003BC129 /* Social.framework in Frameworks */,
				7A420239187040E7003BC129 /* libTestFlight.a in Frameworks */,
				7A42023718704085003BC129 /* FacebookSDK.framework in Frameworks */,
				7A42023518704071003BC129 /* Parse.framework in Frameworks */,
				7A4202081864AF47003BC129 /* CoreGraphics.framework in Frameworks */,
				7A42020A1864AF47003BC129 /* UIKit.framework in Frameworks */,
				7A4202061864AF47003BC129 /* Foundation.framework in Frameworks */,
			);
			runOnlyForDeploymentPostprocessing = 0;
		};
		7A42021A1864AF47003BC129 /* Frameworks */ = {
			isa = PBXFrameworksBuildPhase;
			buildActionMask = 2147483647;
			files = (
				7A42021F1864AF47003BC129 /* XCTest.framework in Frameworks */,
				7A4202211864AF47003BC129 /* UIKit.framework in Frameworks */,
				7A4202201864AF47003BC129 /* Foundation.framework in Frameworks */,
			);
			runOnlyForDeploymentPostprocessing = 0;
		};
/* End PBXFrameworksBuildPhase section */

/* Begin PBXGroup section */
		7A4201F91864AF47003BC129 = {
			isa = PBXGroup;
			children = (
				7A42020B1864AF47003BC129 /* MeetEm */,
				7A4202241864AF47003BC129 /* MeetEmTests */,
				7A4202041864AF47003BC129 /* Frameworks */,
				7A4202031864AF47003BC129 /* Products */,
				7A420287187056A5003BC129 /* prototyp_icon-58.png */,
				7A420288187056A5003BC129 /* prototyp_icon-80.png */,
				7A420289187056A5003BC129 /* prototyp_icon-120.png */,
			);
			sourceTree = "<group>";
		};
		7A4202031864AF47003BC129 /* Products */ = {
			isa = PBXGroup;
			children = (
				7A4202021864AF47003BC129 /* MeetEm.app */,
				7A42021D1864AF47003BC129 /* MeetEmTests.xctest */,
			);
			name = Products;
			sourceTree = "<group>";
		};
		7A4202041864AF47003BC129 /* Frameworks */ = {
			isa = PBXGroup;
			children = (
				7A42028D187F4913003BC129 /* MapKit.framework */,
				7A420250187041EE003BC129 /* libz.dylib */,
				7A42024E187041DF003BC129 /* AudioToolbox.framework */,
				7A42024C187041D0003BC129 /* CFNetwork.framework */,
				7A42024A187041AE003BC129 /* CoreLocation.framework */,
				7A4202481870419D003BC129 /* libz.1.1.3.dylib */,
				7A42024618704187003BC129 /* MobileCoreServices.framework */,
				7A42024418704178003BC129 /* QuartzCore.framework */,
				7A42024218704166003BC129 /* Security.framework */,
				7A42024018704155003BC129 /* SystemConfiguration.framework */,
				7A42023E18704139003BC129 /* Accounts.framework */,
				7A42023C18704128003BC129 /* AddressBook.framework */,
				7A42023A18704119003BC129 /* Social.framework */,
				7A420238187040E7003BC129 /* libTestFlight.a */,
				7A42023618704085003BC129 /* FacebookSDK.framework */,
				7A42023418704071003BC129 /* Parse.framework */,
				7A4202051864AF47003BC129 /* Foundation.framework */,
				7A4202071864AF47003BC129 /* CoreGraphics.framework */,
				7A4202091864AF47003BC129 /* UIKit.framework */,
				7A42021E1864AF47003BC129 /* XCTest.framework */,
			);
			name = Frameworks;
			sourceTree = "<group>";
		};
		7A42020B1864AF47003BC129 /* MeetEm */ = {
			isa = PBXGroup;
			children = (
				7A420292187F5F39003BC129 /* view */,
				7A42028018704B7E003BC129 /* vo */,
				7A4202601870460B003BC129 /* utils */,
				7A420255187043EA003BC129 /* Main.storyboard */,
				7A4202541870433D003BC129 /* controller */,
				7A4202531870432E003BC129 /* model */,
				7A42025218704230003BC129 /* TestFlight.h */,
				7A4202141864AF47003BC129 /* AppDelegate.h */,
				7A4202151864AF47003BC129 /* AppDelegate.m */,
				7A4202171864AF47003BC129 /* Images.xcassets */,
				7A42020C1864AF47003BC129 /* Supporting Files */,
			);
			path = MeetEm;
			sourceTree = "<group>";
		};
		7A42020C1864AF47003BC129 /* Supporting Files */ = {
			isa = PBXGroup;
			children = (
				7A42020D1864AF47003BC129 /* MeetEm-Info.plist */,
				7A42020E1864AF47003BC129 /* InfoPlist.strings */,
				7A4202111864AF47003BC129 /* main.m */,
				7A4202131864AF47003BC129 /* MeetEm-Prefix.pch */,
			);
			name = "Supporting Files";
			sourceTree = "<group>";
		};
		7A4202241864AF47003BC129 /* MeetEmTests */ = {
			isa = PBXGroup;
			children = (
				7A42022A1864AF47003BC129 /* MeetEmTests.m */,
				7A4202251864AF47003BC129 /* Supporting Files */,
			);
			path = MeetEmTests;
			sourceTree = "<group>";
		};
		7A4202251864AF47003BC129 /* Supporting Files */ = {
			isa = PBXGroup;
			children = (
				7A4202261864AF47003BC129 /* MeetEmTests-Info.plist */,
				7A4202271864AF47003BC129 /* InfoPlist.strings */,
			);
			name = "Supporting Files";
			sourceTree = "<group>";
		};
		7A4202531870432E003BC129 /* model */ = {
			isa = PBXGroup;
			children = (
				7A42026A187048EB003BC129 /* EventModel.h */,
				7A42026B187048EB003BC129 /* EventModel.m */,
				7A42026D18704921003BC129 /* LocationController.h */,
				7A42026E18704921003BC129 /* LocationController.m */,
				7A42027018704955003BC129 /* PushController.h */,
				7A42027118704955003BC129 /* PushController.m */,
				7A42027318704989003BC129 /* ContactsModel.h */,
				7A42027418704989003BC129 /* ContactsModel.m */,
				7A420276187049BA003BC129 /* SocialModel.h */,
				7A420277187049BA003BC129 /* SocialModel.m */,
				7A42027F18704B5B003BC129 /* SocialDelegate.h */,
				7A42028F187F5317003BC129 /* MapModel.h */,
				7A420290187F5317003BC129 /* MapModel.m */,
			);
			name = model;
			sourceTree = "<group>";
		};
		7A4202541870433D003BC129 /* controller */ = {
			isa = PBXGroup;
			children = (
				7A420257187044CA003BC129 /* FunctionTestViewController.h */,
				7A420258187044CA003BC129 /* FunctionTestViewController.m */,
				7A42025A1870458B003BC129 /* InvitesViewController.h */,
				7A42025B1870458B003BC129 /* InvitesViewController.m */,
				7A42025D187045DB003BC129 /* FriendsViewController.h */,
				7A42025E187045DB003BC129 /* FriendsViewController.m */,
				7A42028418704BF0003BC129 /* ViewController.h */,
				7A42028518704BF0003BC129 /* ViewController.m */,
			);
			name = controller;
			sourceTree = "<group>";
		};
		7A4202601870460B003BC129 /* utils */ = {
			isa = PBXGroup;
			children = (
				7A420261187046C4003BC129 /* Logger.h */,
				7A420262187046C4003BC129 /* Logger.m */,
				7A420264187047AD003BC129 /* UIWebviewInterfaceController.h */,
				7A420265187047AD003BC129 /* UIWebviewInterfaceController.m */,
				7A420267187047EB003BC129 /* JSONHelper.h */,
				7A420268187047EB003BC129 /* JSONHelper.m */,
			);
			name = utils;
			sourceTree = "<group>";
		};
		7A42028018704B7E003BC129 /* vo */ = {
			isa = PBXGroup;
			children = (
				7A42028118704BB0003BC129 /* ContactVO.h */,
				7A42028218704BB0003BC129 /* ContactVO.m */,
			);
			name = vo;
			sourceTree = "<group>";
		};
		7A420292187F5F39003BC129 /* view */ = {
			isa = PBXGroup;
			children = (
				7A420293187F5F58003BC129 /* UserMarker.h */,
				7A420294187F5F58003BC129 /* UserMarker.m */,
			);
			name = view;
			sourceTree = "<group>";
		};
/* End PBXGroup section */

/* Begin PBXNativeTarget section */
		7A4202011864AF47003BC129 /* MeetEm */ = {
			isa = PBXNativeTarget;
			buildConfigurationList = 7A42022E1864AF47003BC129 /* Build configuration list for PBXNativeTarget "MeetEm" */;
			buildPhases = (
				7A4201FE1864AF47003BC129 /* Sources */,
				7A4201FF1864AF47003BC129 /* Frameworks */,
				7A4202001864AF47003BC129 /* Resources */,
			);
			buildRules = (
			);
			dependencies = (
			);
			name = MeetEm;
			productName = MeetEm;
			productReference = 7A4202021864AF47003BC129 /* MeetEm.app */;
			productType = "com.apple.product-type.application";
		};
		7A42021C1864AF47003BC129 /* MeetEmTests */ = {
			isa = PBXNativeTarget;
			buildConfigurationList = 7A4202311864AF47003BC129 /* Build configuration list for PBXNativeTarget "MeetEmTests" */;
			buildPhases = (
				7A4202191864AF47003BC129 /* Sources */,
				7A42021A1864AF47003BC129 /* Frameworks */,
				7A42021B1864AF47003BC129 /* Resources */,
			);
			buildRules = (
			);
			dependencies = (
				7A4202231864AF47003BC129 /* PBXTargetDependency */,
			);
			name = MeetEmTests;
			productName = MeetEmTests;
			productReference = 7A42021D1864AF47003BC129 /* MeetEmTests.xctest */;
			productType = "com.apple.product-type.bundle.unit-test";
		};
/* End PBXNativeTarget section */

/* Begin PBXProject section */
		7A4201FA1864AF47003BC129 /* Project object */ = {
			isa = PBXProject;
			attributes = {
				LastUpgradeCheck = 0500;
				ORGANIZATIONNAME = "Paul Schmidt";
				TargetAttributes = {
					7A4202011864AF47003BC129 = {
						DevelopmentTeam = WTBVTY9G47;
						SystemCapabilities = {
							com.apple.BackgroundModes = {
								enabled = 0;
							};
						};
					};
					7A42021C1864AF47003BC129 = {
						TestTargetID = 7A4202011864AF47003BC129;
					};
				};
			};
			buildConfigurationList = 7A4201FD1864AF47003BC129 /* Build configuration list for PBXProject "MeetEm" */;
			compatibilityVersion = "Xcode 3.2";
			developmentRegion = English;
			hasScannedForEncodings = 0;
			knownRegions = (
				en,
			);
			mainGroup = 7A4201F91864AF47003BC129;
			productRefGroup = 7A4202031864AF47003BC129 /* Products */;
			projectDirPath = "";
			projectRoot = "";
			targets = (
				7A4202011864AF47003BC129 /* MeetEm */,
				7A42021C1864AF47003BC129 /* MeetEmTests */,
			);
		};
/* End PBXProject section */

/* Begin PBXResourcesBuildPhase section */
		7A4202001864AF47003BC129 /* Resources */ = {
			isa = PBXResourcesBuildPhase;
			buildActionMask = 2147483647;
			files = (
				7A42028B187056A5003BC129 /* prototyp_icon-80.png in Resources */,
				7A420256187043EB003BC129 /* Main.storyboard in Resources */,
				7A4202101864AF47003BC129 /* InfoPlist.strings in Resources */,
				7A42028A187056A5003BC129 /* prototyp_icon-58.png in Resources */,
				7A4202181864AF47003BC129 /* Images.xcassets in Resources */,
				7A42028C187056A5003BC129 /* prototyp_icon-120.png in Resources */,
			);
			runOnlyForDeploymentPostprocessing = 0;
		};
		7A42021B1864AF47003BC129 /* Resources */ = {
			isa = PBXResourcesBuildPhase;
			buildActionMask = 2147483647;
			files = (
				7A4202291864AF47003BC129 /* InfoPlist.strings in Resources */,
			);
			runOnlyForDeploymentPostprocessing = 0;
		};
/* End PBXResourcesBuildPhase section */

/* Begin PBXSourcesBuildPhase section */
		7A4201FE1864AF47003BC129 /* Sources */ = {
			isa = PBXSourcesBuildPhase;
			buildActionMask = 2147483647;
			files = (
				7A420295187F5F58003BC129 /* UserMarker.m in Sources */,
				7A42026F18704921003BC129 /* LocationController.m in Sources */,
				7A42025F187045DB003BC129 /* FriendsViewController.m in Sources */,
				7A42027518704989003BC129 /* ContactsModel.m in Sources */,
				7A420269187047EB003BC129 /* JSONHelper.m in Sources */,
				7A420291187F5317003BC129 /* MapModel.m in Sources */,
				7A420263187046C4003BC129 /* Logger.m in Sources */,
				7A4202161864AF47003BC129 /* AppDelegate.m in Sources */,
				7A420259187044CA003BC129 /* FunctionTestViewController.m in Sources */,
				7A42026C187048EB003BC129 /* EventModel.m in Sources */,
				7A420266187047AD003BC129 /* UIWebviewInterfaceController.m in Sources */,
				7A42028618704BF0003BC129 /* ViewController.m in Sources */,
				7A42028318704BB0003BC129 /* ContactVO.m in Sources */,
				7A420278187049BA003BC129 /* SocialModel.m in Sources */,
				7A42027218704955003BC129 /* PushController.m in Sources */,
				7A4202121864AF47003BC129 /* main.m in Sources */,
				7A42025C1870458B003BC129 /* InvitesViewController.m in Sources */,
			);
			runOnlyForDeploymentPostprocessing = 0;
		};
		7A4202191864AF47003BC129 /* Sources */ = {
			isa = PBXSourcesBuildPhase;
			buildActionMask = 2147483647;
			files = (
				7A42022B1864AF47003BC129 /* MeetEmTests.m in Sources */,
			);
			runOnlyForDeploymentPostprocessing = 0;
		};
/* End PBXSourcesBuildPhase section */

/* Begin PBXTargetDependency section */
		7A4202231864AF47003BC129 /* PBXTargetDependency */ = {
			isa = PBXTargetDependency;
			target = 7A4202011864AF47003BC129 /* MeetEm */;
			targetProxy = 7A4202221864AF47003BC129 /* PBXContainerItemProxy */;
		};
/* End PBXTargetDependency section */

/* Begin PBXVariantGroup section */
		7A42020E1864AF47003BC129 /* InfoPlist.strings */ = {
			isa = PBXVariantGroup;
			children = (
				7A42020F1864AF47003BC129 /* en */,
			);
			name = InfoPlist.strings;
			sourceTree = "<group>";
		};
		7A4202271864AF47003BC129 /* InfoPlist.strings */ = {
			isa = PBXVariantGroup;
			children = (
				7A4202281864AF47003BC129 /* en */,
			);
			name = InfoPlist.strings;
			sourceTree = "<group>";
		};
/* End PBXVariantGroup section */

/* Begin XCBuildConfiguration section */
		7A42022C1864AF47003BC129 /* Debug */ = {
			isa = XCBuildConfiguration;
			buildSettings = {
				ALWAYS_SEARCH_USER_PATHS = NO;
				ARCHS = "$(ARCHS_STANDARD_INCLUDING_64_BIT)";
				CLANG_CXX_LANGUAGE_STANDARD = "gnu++0x";
				CLANG_CXX_LIBRARY = "libc++";
				CLANG_ENABLE_MODULES = YES;
				CLANG_ENABLE_OBJC_ARC = YES;
				CLANG_WARN_BOOL_CONVERSION = YES;
				CLANG_WARN_CONSTANT_CONVERSION = YES;
				CLANG_WARN_DIRECT_OBJC_ISA_USAGE = YES_ERROR;
				CLANG_WARN_EMPTY_BODY = YES;
				CLANG_WARN_ENUM_CONVERSION = YES;
				CLANG_WARN_INT_CONVERSION = YES;
				CLANG_WARN_OBJC_ROOT_CLASS = YES_ERROR;
				CLANG_WARN__DUPLICATE_METHOD_MATCH = YES;
				"CODE_SIGN_IDENTITY[sdk=iphoneos*]" = "iPhone Developer";
				COPY_PHASE_STRIP = NO;
				GCC_C_LANGUAGE_STANDARD = gnu99;
				GCC_DYNAMIC_NO_PIC = NO;
				GCC_OPTIMIZATION_LEVEL = 0;
				GCC_PREPROCESSOR_DEFINITIONS = (
					"DEBUG=1",
					"$(inherited)",
				);
				GCC_SYMBOLS_PRIVATE_EXTERN = NO;
				GCC_WARN_64_TO_32_BIT_CONVERSION = YES;
				GCC_WARN_ABOUT_RETURN_TYPE = YES_ERROR;
				GCC_WARN_UNDECLARED_SELECTOR = YES;
				GCC_WARN_UNINITIALIZED_AUTOS = YES;
				GCC_WARN_UNUSED_FUNCTION = YES;
				GCC_WARN_UNUSED_VARIABLE = YES;
				IPHONEOS_DEPLOYMENT_TARGET = 7.0;
				ONLY_ACTIVE_ARCH = YES;
				SDKROOT = iphoneos;
			};
			name = Debug;
		};
		7A42022D1864AF47003BC129 /* Release */ = {
			isa = XCBuildConfiguration;
			buildSettings = {
				ALWAYS_SEARCH_USER_PATHS = NO;
				ARCHS = "$(ARCHS_STANDARD_INCLUDING_64_BIT)";
				CLANG_CXX_LANGUAGE_STANDARD = "gnu++0x";
				CLANG_CXX_LIBRARY = "libc++";
				CLANG_ENABLE_MODULES = YES;
				CLANG_ENABLE_OBJC_ARC = YES;
				CLANG_WARN_BOOL_CONVERSION = YES;
				CLANG_WARN_CONSTANT_CONVERSION = YES;
				CLANG_WARN_DIRECT_OBJC_ISA_USAGE = YES_ERROR;
				CLANG_WARN_EMPTY_BODY = YES;
				CLANG_WARN_ENUM_CONVERSION = YES;
				CLANG_WARN_INT_CONVERSION = YES;
				CLANG_WARN_OBJC_ROOT_CLASS = YES_ERROR;
				CLANG_WARN__DUPLICATE_METHOD_MATCH = YES;
				"CODE_SIGN_IDENTITY[sdk=iphoneos*]" = "iPhone Developer";
				COPY_PHASE_STRIP = YES;
				ENABLE_NS_ASSERTIONS = NO;
				GCC_C_LANGUAGE_STANDARD = gnu99;
				GCC_WARN_64_TO_32_BIT_CONVERSION = YES;
				GCC_WARN_ABOUT_RETURN_TYPE = YES_ERROR;
				GCC_WARN_UNDECLARED_SELECTOR = YES;
				GCC_WARN_UNINITIALIZED_AUTOS = YES;
				GCC_WARN_UNUSED_FUNCTION = YES;
				GCC_WARN_UNUSED_VARIABLE = YES;
				IPHONEOS_DEPLOYMENT_TARGET = 7.0;
				SDKROOT = iphoneos;
				VALIDATE_PRODUCT = YES;
			};
			name = Release;
		};
		7A42022F1864AF47003BC129 /* Debug */ = {
			isa = XCBuildConfiguration;
			buildSettings = {
				ARCHS = "$(ARCHS_STANDARD)";
				ASSETCATALOG_COMPILER_APPICON_NAME = AppIcon;
				ASSETCATALOG_COMPILER_LAUNCHIMAGE_NAME = LaunchImage;
				CODE_SIGN_IDENTITY = "iPhone Developer: Paul Schmidt (7M7K64WEV6)";
				FRAMEWORK_SEARCH_PATHS = (
					"$(inherited)",
					/Projekte/_FRAMEWORKS,
					/Projekte/_FRAMEWORKS/FacebookSDK,
				);
				GCC_PRECOMPILE_PREFIX_HEADER = YES;
				GCC_PREFIX_HEADER = "MeetEm/MeetEm-Prefix.pch";
				INFOPLIST_FILE = "MeetEm/MeetEm-Info.plist";
				IPHONEOS_DEPLOYMENT_TARGET = 6.0;
				LIBRARY_SEARCH_PATHS = (
					"$(inherited)",
					/Projekte/_FRAMEWORKS/TestFlightSDK,
				);
				PRODUCT_NAME = "$(TARGET_NAME)";
				WRAPPER_EXTENSION = app;
			};
			name = Debug;
		};
		7A4202301864AF47003BC129 /* Release */ = {
			isa = XCBuildConfiguration;
			buildSettings = {
				ARCHS = "$(ARCHS_STANDARD)";
				ASSETCATALOG_COMPILER_APPICON_NAME = AppIcon;
				ASSETCATALOG_COMPILER_LAUNCHIMAGE_NAME = LaunchImage;
				CODE_SIGN_IDENTITY = "iPhone Distribution: Paul Schmidt (WTBVTY9G47)";
				FRAMEWORK_SEARCH_PATHS = (
					"$(inherited)",
					/Projekte/_FRAMEWORKS,
					/Projekte/_FRAMEWORKS/FacebookSDK,
				);
				GCC_PRECOMPILE_PREFIX_HEADER = YES;
				GCC_PREFIX_HEADER = "MeetEm/MeetEm-Prefix.pch";
				INFOPLIST_FILE = "MeetEm/MeetEm-Info.plist";
				IPHONEOS_DEPLOYMENT_TARGET = 6.0;
				LIBRARY_SEARCH_PATHS = (
					"$(inherited)",
					/Projekte/_FRAMEWORKS/TestFlightSDK,
				);
				PRODUCT_NAME = "$(TARGET_NAME)";
				WRAPPER_EXTENSION = app;
			};
			name = Release;
		};
		7A4202321864AF47003BC129 /* Debug */ = {
			isa = XCBuildConfiguration;
			buildSettings = {
				ARCHS = "$(ARCHS_STANDARD_INCLUDING_64_BIT)";
				BUNDLE_LOADER = "$(BUILT_PRODUCTS_DIR)/MeetEm.app/MeetEm";
				FRAMEWORK_SEARCH_PATHS = (
					"$(SDKROOT)/Developer/Library/Frameworks",
					"$(inherited)",
					"$(DEVELOPER_FRAMEWORKS_DIR)",
				);
				GCC_PRECOMPILE_PREFIX_HEADER = YES;
				GCC_PREFIX_HEADER = "MeetEm/MeetEm-Prefix.pch";
				GCC_PREPROCESSOR_DEFINITIONS = (
					"DEBUG=1",
					"$(inherited)",
				);
				INFOPLIST_FILE = "MeetEmTests/MeetEmTests-Info.plist";
				PRODUCT_NAME = "$(TARGET_NAME)";
				TEST_HOST = "$(BUNDLE_LOADER)";
				WRAPPER_EXTENSION = xctest;
			};
			name = Debug;
		};
		7A4202331864AF47003BC129 /* Release */ = {
			isa = XCBuildConfiguration;
			buildSettings = {
				ARCHS = "$(ARCHS_STANDARD_INCLUDING_64_BIT)";
				BUNDLE_LOADER = "$(BUILT_PRODUCTS_DIR)/MeetEm.app/MeetEm";
				FRAMEWORK_SEARCH_PATHS = (
					"$(SDKROOT)/Developer/Library/Frameworks",
					"$(inherited)",
					"$(DEVELOPER_FRAMEWORKS_DIR)",
				);
				GCC_PRECOMPILE_PREFIX_HEADER = YES;
				GCC_PREFIX_HEADER = "MeetEm/MeetEm-Prefix.pch";
				INFOPLIST_FILE = "MeetEmTests/MeetEmTests-Info.plist";
				PRODUCT_NAME = "$(TARGET_NAME)";
				TEST_HOST = "$(BUNDLE_LOADER)";
				WRAPPER_EXTENSION = xctest;
			};
			name = Release;
		};
/* End XCBuildConfiguration section */

/* Begin XCConfigurationList section */
		7A4201FD1864AF47003BC129 /* Build configuration list for PBXProject "MeetEm" */ = {
			isa = XCConfigurationList;
			buildConfigurations = (
				7A42022C1864AF47003BC129 /* Debug */,
				7A42022D1864AF47003BC129 /* Release */,
			);
			defaultConfigurationIsVisible = 0;
			defaultConfigurationName = Release;
		};
		7A42022E1864AF47003BC129 /* Build configuration list for PBXNativeTarget "MeetEm" */ = {
			isa = XCConfigurationList;
			buildConfigurations = (
				7A42022F1864AF47003BC129 /* Debug */,
				7A4202301864AF47003BC129 /* Release */,
			);
			defaultConfigurationIsVisible = 0;
			defaultConfigurationName = Release;
		};
		7A4202311864AF47003BC129 /* Build configuration list for PBXNativeTarget "MeetEmTests" */ = {
			isa = XCConfigurationList;
			buildConfigurations = (
				7A4202321864AF47003BC129 /* Debug */,
				7A4202331864AF47003BC129 /* Release */,
			);
			defaultConfigurationIsVisible = 0;
			defaultConfigurationName = Release;
		};
/* End XCConfigurationList section */
	};
	rootObject = 7A4201FA1864AF47003BC129 /* Project object */;
}
