// !$*UTF8*$!
{
	archiveVersion = 1;
	classes = {
	};
	objectVersion = 46;
	objects = {

/* Begin PBXBuildFile section */
		7A4202061864AF47003BC129 /* Foundation.framework in Frameworks */ = {isa = PBXBuildFile; fileRef = 7A4202051864AF47003BC129 /* Foundation.framework */; };
		7A4202081864AF47003BC129 /* CoreGraphics.framework in Frameworks */ = {isa = PBXBuildFile; fileRef = 7A4202071864AF47003BC129 /* CoreGraphics.framework */; };
		7A42020A1864AF47003BC129 /* UIKit.framework in Frameworks */ = {isa = PBXBuildFile; fileRef = 7A4202091864AF47003BC129 /* UIKit.framework */; };
		7A4202101864AF47003BC129 /* InfoPlist.strings in Resources */ = {isa = PBXBuildFile; fileRef = 7A42020E1864AF47003BC129 /* InfoPlist.strings */; };
		7A4202121864AF47003BC129 /* main.m in Sources */ = {isa = PBXBuildFile; fileRef = 7A4202111864AF47003BC129 /* main.m */; };
		7A4202161864AF47003BC129 /* AppDelegate.m in Sources */ = {isa = PBXBuildFile; fileRef = 7A4202151864AF47003BC129 /* AppDelegate.m */; };
		7A4202181864AF47003BC129 /* Images.xcassets in Resources */ = {isa = PBXBuildFile; fileRef = 7A4202171864AF47003BC129 /* Images.xcassets */; };
		7A42021F1864AF47003BC129 /* XCTest.framework in Frameworks */ = {isa = PBXBuildFile; fileRef = 7A42021E1864AF47003BC129 /* XCTest.framework */; };
		7A4202201864AF47003BC129 /* Foundation.framework in Frameworks */ = {isa = PBXBuildFile; fileRef = 7A4202051864AF47003BC129 /* Foundation.framework */; };
		7A4202211864AF47003BC129 /* UIKit.framework in Frameworks */ = {isa = PBXBuildFile; fileRef = 7A4202091864AF47003BC129 /* UIKit.framework */; };
		7A4202291864AF47003BC129 /* InfoPlist.strings in Resources */ = {isa = PBXBuildFile; fileRef = 7A4202271864AF47003BC129 /* InfoPlist.strings */; };
		7A42022B1864AF47003BC129 /* MeetEmTests.m in Sources */ = {isa = PBXBuildFile; fileRef = 7A42022A1864AF47003BC129 /* MeetEmTests.m */; };
/* End PBXBuildFile section */

/* Begin PBXContainerItemProxy section */
		7A4202221864AF47003BC129 /* PBXContainerItemProxy */ = {
			isa = PBXContainerItemProxy;
			containerPortal = 7A4201FA1864AF47003BC129 /* Project object */;
			proxyType = 1;
			remoteGlobalIDString = 7A4202011864AF47003BC129;
			remoteInfo = MeetEm;
		};
/* End PBXContainerItemProxy section */

/* Begin PBXFileReference section */
		7A4202021864AF47003BC129 /* MeetEm.app */ = {isa = PBXFileReference; explicitFileType = wrapper.application; includeInIndex = 0; path = MeetEm.app; sourceTree = BUILT_PRODUCTS_DIR; };
		7A4202051864AF47003BC129 /* Foundation.framework */ = {isa = PBXFileReference; lastKnownFileType = wrapper.framework; name = Foundation.framework; path = System/Library/Frameworks/Foundation.framework; sourceTree = SDKROOT; };
		7A4202071864AF47003BC129 /* CoreGraphics.framework */ = {isa = PBXFileReference; lastKnownFileType = wrapper.framework; name = CoreGraphics.framework; path = System/Library/Frameworks/CoreGraphics.framework; sourceTree = SDKROOT; };
		7A4202091864AF47003BC129 /* UIKit.framework */ = {isa = PBXFileReference; lastKnownFileType = wrapper.framework; name = UIKit.framework; path = System/Library/Frameworks/UIKit.framework; sourceTree = SDKROOT; };
		7A42020D1864AF47003BC129 /* MeetEm-Info.plist */ = {isa = PBXFileReference; lastKnownFileType = text.plist.xml; path = "MeetEm-Info.plist"; sourceTree = "<group>"; };
		7A42020F1864AF47003BC129 /* en */ = {isa = PBXFileReference; lastKnownFileType = text.plist.strings; name = en; path = en.lproj/InfoPlist.strings; sourceTree = "<group>"; };
		7A4202111864AF47003BC129 /* main.m */ = {isa = PBXFileReference; lastKnownFileType = sourcecode.c.objc; path = main.m; sourceTree = "<group>"; };
		7A4202131864AF47003BC129 /* MeetEm-Prefix.pch */ = {isa = PBXFileReference; lastKnownFileType = sourcecode.c.h; path = "MeetEm-Prefix.pch"; sourceTree = "<group>"; };
		7A4202141864AF47003BC129 /* AppDelegate.h */ = {isa = PBXFileReference; lastKnownFileType = sourcecode.c.h; path = AppDelegate.h; sourceTree = "<group>"; };
		7A4202151864AF47003BC129 /* AppDelegate.m */ = {isa = PBXFileReference; lastKnownFileType = sourcecode.c.objc; path = AppDelegate.m; sourceTree = "<group>"; };
		7A4202171864AF47003BC129 /* Images.xcassets */ = {isa = PBXFileReference; lastKnownFileType = folder.assetcatalog; path = Images.xcassets; sourceTree = "<group>"; };
		7A42021D1864AF47003BC129 /* MeetEmTests.xctest */ = {isa = PBXFileReference; explicitFileType = wrapper.cfbundle; includeInIndex = 0; path = MeetEmTests.xctest; sourceTree = BUILT_PRODUCTS_DIR; };
		7A42021E1864AF47003BC129 /* XCTest.framework */ = {isa = PBXFileReference; lastKnownFileType = wrapper.framework; name = XCTest.framework; path = Library/Frameworks/XCTest.framework; sourceTree = DEVELOPER_DIR; };
		7A4202261864AF47003BC129 /* MeetEmTests-Info.plist */ = {isa = PBXFileReference; lastKnownFileType = text.plist.xml; path = "MeetEmTests-Info.plist"; sourceTree = "<group>"; };
		7A4202281864AF47003BC129 /* en */ = {isa = PBXFileReference; lastKnownFileType = text.plist.strings; name = en; path = en.lproj/InfoPlist.strings; sourceTree = "<group>"; };
		7A42022A1864AF47003BC129 /* MeetEmTests.m */ = {isa = PBXFileReference; lastKnownFileType = sourcecode.c.objc; path = MeetEmTests.m; sourceTree = "<group>"; };
/* End PBXFileReference section */

/* Begin PBXFrameworksBuildPhase section */
		7A4201FF1864AF47003BC129 /* Frameworks */ = {
			isa = PBXFrameworksBuildPhase;
			buildActionMask = 2147483647;
			files = (
				7A4202081864AF47003BC129 /* CoreGraphics.framework in Frameworks */,
				7A42020A1864AF47003BC129 /* UIKit.framework in Frameworks */,
				7A4202061864AF47003BC129 /* Foundation.framework in Frameworks */,
			);
			runOnlyForDeploymentPostprocessing = 0;
		};
		7A42021A1864AF47003BC129 /* Frameworks */ = {
			isa = PBXFrameworksBuildPhase;
			buildActionMask = 2147483647;
			files = (
				7A42021F1864AF47003BC129 /* XCTest.framework in Frameworks */,
				7A4202211864AF47003BC129 /* UIKit.framework in Frameworks */,
				7A4202201864AF47003BC129 /* Foundation.framework in Frameworks */,
			);
			runOnlyForDeploymentPostprocessing = 0;
		};
/* End PBXFrameworksBuildPhase section */

/* Begin PBXGroup section */
		7A4201F91864AF47003BC129 = {
			isa = PBXGroup;
			children = (
				7A42020B1864AF47003BC129 /* MeetEm */,
				7A4202241864AF47003BC129 /* MeetEmTests */,
				7A4202041864AF47003BC129 /* Frameworks */,
				7A4202031864AF47003BC129 /* Products */,
			);
			sourceTree = "<group>";
		};
		7A4202031864AF47003BC129 /* Products */ = {
			isa = PBXGroup;
			children = (
				7A4202021864AF47003BC129 /* MeetEm.app */,
				7A42021D1864AF47003BC129 /* MeetEmTests.xctest */,
			);
			name = Products;
			sourceTree = "<group>";
		};
		7A4202041864AF47003BC129 /* Frameworks */ = {
			isa = PBXGroup;
			children = (
				7A4202051864AF47003BC129 /* Foundation.framework */,
				7A4202071864AF47003BC129 /* CoreGraphics.framework */,
				7A4202091864AF47003BC129 /* UIKit.framework */,
				7A42021E1864AF47003BC129 /* XCTest.framework */,
			);
			name = Frameworks;
			sourceTree = "<group>";
		};
		7A42020B1864AF47003BC129 /* MeetEm */ = {
			isa = PBXGroup;
			children = (
				7A4202141864AF47003BC129 /* AppDelegate.h */,
				7A4202151864AF47003BC129 /* AppDelegate.m */,
				7A4202171864AF47003BC129 /* Images.xcassets */,
				7A42020C1864AF47003BC129 /* Supporting Files */,
			);
			path = MeetEm;
			sourceTree = "<group>";
		};
		7A42020C1864AF47003BC129 /* Supporting Files */ = {
			isa = PBXGroup;
			children = (
				7A42020D1864AF47003BC129 /* MeetEm-Info.plist */,
				7A42020E1864AF47003BC129 /* InfoPlist.strings */,
				7A4202111864AF47003BC129 /* main.m */,
				7A4202131864AF47003BC129 /* MeetEm-Prefix.pch */,
			);
			name = "Supporting Files";
			sourceTree = "<group>";
		};
		7A4202241864AF47003BC129 /* MeetEmTests */ = {
			isa = PBXGroup;
			children = (
				7A42022A1864AF47003BC129 /* MeetEmTests.m */,
				7A4202251864AF47003BC129 /* Supporting Files */,
			);
			path = MeetEmTests;
			sourceTree = "<group>";
		};
		7A4202251864AF47003BC129 /* Supporting Files */ = {
			isa = PBXGroup;
			children = (
				7A4202261864AF47003BC129 /* MeetEmTests-Info.plist */,
				7A4202271864AF47003BC129 /* InfoPlist.strings */,
			);
			name = "Supporting Files";
			sourceTree = "<group>";
		};
/* End PBXGroup section */

/* Begin PBXNativeTarget section */
		7A4202011864AF47003BC129 /* MeetEm */ = {
			isa = PBXNativeTarget;
			buildConfigurationList = 7A42022E1864AF47003BC129 /* Build configuration list for PBXNativeTarget "MeetEm" */;
			buildPhases = (
				7A4201FE1864AF47003BC129 /* Sources */,
				7A4201FF1864AF47003BC129 /* Frameworks */,
				7A4202001864AF47003BC129 /* Resources */,
			);
			buildRules = (
			);
			dependencies = (
			);
			name = MeetEm;
			productName = MeetEm;
			productReference = 7A4202021864AF47003BC129 /* MeetEm.app */;
			productType = "com.apple.product-type.application";
		};
		7A42021C1864AF47003BC129 /* MeetEmTests */ = {
			isa = PBXNativeTarget;
			buildConfigurationList = 7A4202311864AF47003BC129 /* Build configuration list for PBXNativeTarget "MeetEmTests" */;
			buildPhases = (
				7A4202191864AF47003BC129 /* Sources */,
				7A42021A1864AF47003BC129 /* Frameworks */,
				7A42021B1864AF47003BC129 /* Resources */,
			);
			buildRules = (
			);
			dependencies = (
				7A4202231864AF47003BC129 /* PBXTargetDependency */,
			);
			name = MeetEmTests;
			productName = MeetEmTests;
			productReference = 7A42021D1864AF47003BC129 /* MeetEmTests.xctest */;
			productType = "com.apple.product-type.bundle.unit-test";
		};
/* End PBXNativeTarget section */

/* Begin PBXProject section */
		7A4201FA1864AF47003BC129 /* Project object */ = {
			isa = PBXProject;
			attributes = {
				LastUpgradeCheck = 0500;
				ORGANIZATIONNAME = "Paul Schmidt";
				TargetAttributes = {
					7A42021C1864AF47003BC129 = {
						TestTargetID = 7A4202011864AF47003BC129;
					};
				};
			};
			buildConfigurationList = 7A4201FD1864AF47003BC129 /* Build configuration list for PBXProject "MeetEm" */;
			compatibilityVersion = "Xcode 3.2";
			developmentRegion = English;
			hasScannedForEncodings = 0;
			knownRegions = (
				en,
			);
			mainGroup = 7A4201F91864AF47003BC129;
			productRefGroup = 7A4202031864AF47003BC129 /* Products */;
			projectDirPath = "";
			projectRoot = "";
			targets = (
				7A4202011864AF47003BC129 /* MeetEm */,
				7A42021C1864AF47003BC129 /* MeetEmTests */,
			);
		};
/* End PBXProject section */

/* Begin PBXResourcesBuildPhase section */
		7A4202001864AF47003BC129 /* Resources */ = {
			isa = PBXResourcesBuildPhase;
			buildActionMask = 2147483647;
			files = (
				7A4202101864AF47003BC129 /* InfoPlist.strings in Resources */,
				7A4202181864AF47003BC129 /* Images.xcassets in Resources */,
			);
			runOnlyForDeploymentPostprocessing = 0;
		};
		7A42021B1864AF47003BC129 /* Resources */ = {
			isa = PBXResourcesBuildPhase;
			buildActionMask = 2147483647;
			files = (
				7A4202291864AF47003BC129 /* InfoPlist.strings in Resources */,
			);
			runOnlyForDeploymentPostprocessing = 0;
		};
/* End PBXResourcesBuildPhase section */

/* Begin PBXSourcesBuildPhase section */
		7A4201FE1864AF47003BC129 /* Sources */ = {
			isa = PBXSourcesBuildPhase;
			buildActionMask = 2147483647;
			files = (
				7A4202161864AF47003BC129 /* AppDelegate.m in Sources */,
				7A4202121864AF47003BC129 /* main.m in Sources */,
			);
			runOnlyForDeploymentPostprocessing = 0;
		};
		7A4202191864AF47003BC129 /* Sources */ = {
			isa = PBXSourcesBuildPhase;
			buildActionMask = 2147483647;
			files = (
				7A42022B1864AF47003BC129 /* MeetEmTests.m in Sources */,
			);
			runOnlyForDeploymentPostprocessing = 0;
		};
/* End PBXSourcesBuildPhase section */

/* Begin PBXTargetDependency section */
		7A4202231864AF47003BC129 /* PBXTargetDependency */ = {
			isa = PBXTargetDependency;
			target = 7A4202011864AF47003BC129 /* MeetEm */;
			targetProxy = 7A4202221864AF47003BC129 /* PBXContainerItemProxy */;
		};
/* End PBXTargetDependency section */

/* Begin PBXVariantGroup section */
		7A42020E1864AF47003BC129 /* InfoPlist.strings */ = {
			isa = PBXVariantGroup;
			children = (
				7A42020F1864AF47003BC129 /* en */,
			);
			name = InfoPlist.strings;
			sourceTree = "<group>";
		};
		7A4202271864AF47003BC129 /* InfoPlist.strings */ = {
			isa = PBXVariantGroup;
			children = (
				7A4202281864AF47003BC129 /* en */,
			);
			name = InfoPlist.strings;
			sourceTree = "<group>";
		};
/* End PBXVariantGroup section */

/* Begin XCBuildConfiguration section */
		7A42022C1864AF47003BC129 /* Debug */ = {
			isa = XCBuildConfiguration;
			buildSettings = {
				ALWAYS_SEARCH_USER_PATHS = NO;
				ARCHS = "$(ARCHS_STANDARD_INCLUDING_64_BIT)";
				CLANG_CXX_LANGUAGE_STANDARD = "gnu++0x";
				CLANG_CXX_LIBRARY = "libc++";
				CLANG_ENABLE_MODULES = YES;
				CLANG_ENABLE_OBJC_ARC = YES;
				CLANG_WARN_BOOL_CONVERSION = YES;
				CLANG_WARN_CONSTANT_CONVERSION = YES;
				CLANG_WARN_DIRECT_OBJC_ISA_USAGE = YES_ERROR;
				CLANG_WARN_EMPTY_BODY = YES;
				CLANG_WARN_ENUM_CONVERSION = YES;
				CLANG_WARN_INT_CONVERSION = YES;
				CLANG_WARN_OBJC_ROOT_CLASS = YES_ERROR;
				CLANG_WARN__DUPLICATE_METHOD_MATCH = YES;
				"CODE_SIGN_IDENTITY[sdk=iphoneos*]" = "iPhone Developer";
				COPY_PHASE_STRIP = NO;
				GCC_C_LANGUAGE_STANDARD = gnu99;
				GCC_DYNAMIC_NO_PIC = NO;
				GCC_OPTIMIZATION_LEVEL = 0;
				GCC_PREPROCESSOR_DEFINITIONS = (
					"DEBUG=1",
					"$(inherited)",
				);
				GCC_SYMBOLS_PRIVATE_EXTERN = NO;
				GCC_WARN_64_TO_32_BIT_CONVERSION = YES;
				GCC_WARN_ABOUT_RETURN_TYPE = YES_ERROR;
				GCC_WARN_UNDECLARED_SELECTOR = YES;
				GCC_WARN_UNINITIALIZED_AUTOS = YES;
				GCC_WARN_UNUSED_FUNCTION = YES;
				GCC_WARN_UNUSED_VARIABLE = YES;
				IPHONEOS_DEPLOYMENT_TARGET = 7.0;
				ONLY_ACTIVE_ARCH = YES;
				SDKROOT = iphoneos;
			};
			name = Debug;
		};
		7A42022D1864AF47003BC129 /* Release */ = {
			isa = XCBuildConfiguration;
			buildSettings = {
				ALWAYS_SEARCH_USER_PATHS = NO;
				ARCHS = "$(ARCHS_STANDARD_INCLUDING_64_BIT)";
				CLANG_CXX_LANGUAGE_STANDARD = "gnu++0x";
				CLANG_CXX_LIBRARY = "libc++";
				CLANG_ENABLE_MODULES = YES;
				CLANG_ENABLE_OBJC_ARC = YES;
				CLANG_WARN_BOOL_CONVERSION = YES;
				CLANG_WARN_CONSTANT_CONVERSION = YES;
				CLANG_WARN_DIRECT_OBJC_ISA_USAGE = YES_ERROR;
				CLANG_WARN_EMPTY_BODY = YES;
				CLANG_WARN_ENUM_CONVERSION = YES;
				CLANG_WARN_INT_CONVERSION = YES;
				CLANG_WARN_OBJC_ROOT_CLASS = YES_ERROR;
				CLANG_WARN__DUPLICATE_METHOD_MATCH = YES;
				"CODE_SIGN_IDENTITY[sdk=iphoneos*]" = "iPhone Developer";
				COPY_PHASE_STRIP = YES;
				ENABLE_NS_ASSERTIONS = NO;
				GCC_C_LANGUAGE_STANDARD = gnu99;
				GCC_WARN_64_TO_32_BIT_CONVERSION = YES;
				GCC_WARN_ABOUT_RETURN_TYPE = YES_ERROR;
				GCC_WARN_UNDECLARED_SELECTOR = YES;
				GCC_WARN_UNINITIALIZED_AUTOS = YES;
				GCC_WARN_UNUSED_FUNCTION = YES;
				GCC_WARN_UNUSED_VARIABLE = YES;
				IPHONEOS_DEPLOYMENT_TARGET = 7.0;
				SDKROOT = iphoneos;
				VALIDATE_PRODUCT = YES;
			};
			name = Release;
		};
		7A42022F1864AF47003BC129 /* Debug */ = {
			isa = XCBuildConfiguration;
			buildSettings = {
				ASSETCATALOG_COMPILER_APPICON_NAME = AppIcon;
				ASSETCATALOG_COMPILER_LAUNCHIMAGE_NAME = LaunchImage;
				GCC_PRECOMPILE_PREFIX_HEADER = YES;
				GCC_PREFIX_HEADER = "MeetEm/MeetEm-Prefix.pch";
				INFOPLIST_FILE = "MeetEm/MeetEm-Info.plist";
				PRODUCT_NAME = "$(TARGET_NAME)";
				WRAPPER_EXTENSION = app;
			};
			name = Debug;
		};
		7A4202301864AF47003BC129 /* Release */ = {
			isa = XCBuildConfiguration;
			buildSettings = {
				ASSETCATALOG_COMPILER_APPICON_NAME = AppIcon;
				ASSETCATALOG_COMPILER_LAUNCHIMAGE_NAME = LaunchImage;
				GCC_PRECOMPILE_PREFIX_HEADER = YES;
				GCC_PREFIX_HEADER = "MeetEm/MeetEm-Prefix.pch";
				INFOPLIST_FILE = "MeetEm/MeetEm-Info.plist";
				PRODUCT_NAME = "$(TARGET_NAME)";
				WRAPPER_EXTENSION = app;
			};
			name = Release;
		};
		7A4202321864AF47003BC129 /* Debug */ = {
			isa = XCBuildConfiguration;
			buildSettings = {
				ARCHS = "$(ARCHS_STANDARD_INCLUDING_64_BIT)";
				BUNDLE_LOADER = "$(BUILT_PRODUCTS_DIR)/MeetEm.app/MeetEm";
				FRAMEWORK_SEARCH_PATHS = (
					"$(SDKROOT)/Developer/Library/Frameworks",
					"$(inherited)",
					"$(DEVELOPER_FRAMEWORKS_DIR)",
				);
				GCC_PRECOMPILE_PREFIX_HEADER = YES;
				GCC_PREFIX_HEADER = "MeetEm/MeetEm-Prefix.pch";
				GCC_PREPROCESSOR_DEFINITIONS = (
					"DEBUG=1",
					"$(inherited)",
				);
				INFOPLIST_FILE = "MeetEmTests/MeetEmTests-Info.plist";
				PRODUCT_NAME = "$(TARGET_NAME)";
				TEST_HOST = "$(BUNDLE_LOADER)";
				WRAPPER_EXTENSION = xctest;
			};
			name = Debug;
		};
		7A4202331864AF47003BC129 /* Release */ = {
			isa = XCBuildConfiguration;
			buildSettings = {
				ARCHS = "$(ARCHS_STANDARD_INCLUDING_64_BIT)";
				BUNDLE_LOADER = "$(BUILT_PRODUCTS_DIR)/MeetEm.app/MeetEm";
				FRAMEWORK_SEARCH_PATHS = (
					"$(SDKROOT)/Developer/Library/Frameworks",
					"$(inherited)",
					"$(DEVELOPER_FRAMEWORKS_DIR)",
				);
				GCC_PRECOMPILE_PREFIX_HEADER = YES;
				GCC_PREFIX_HEADER = "MeetEm/MeetEm-Prefix.pch";
				INFOPLIST_FILE = "MeetEmTests/MeetEmTests-Info.plist";
				PRODUCT_NAME = "$(TARGET_NAME)";
				TEST_HOST = "$(BUNDLE_LOADER)";
				WRAPPER_EXTENSION = xctest;
			};
			name = Release;
		};
/* End XCBuildConfiguration section */

/* Begin XCConfigurationList section */
		7A4201FD1864AF47003BC129 /* Build configuration list for PBXProject "MeetEm" */ = {
			isa = XCConfigurationList;
			buildConfigurations = (
				7A42022C1864AF47003BC129 /* Debug */,
				7A42022D1864AF47003BC129 /* Release */,
			);
			defaultConfigurationIsVisible = 0;
			defaultConfigurationName = Release;
		};
		7A42022E1864AF47003BC129 /* Build configuration list for PBXNativeTarget "MeetEm" */ = {
			isa = XCConfigurationList;
			buildConfigurations = (
				7A42022F1864AF47003BC129 /* Debug */,
				7A4202301864AF47003BC129 /* Release */,
			);
			defaultConfigurationIsVisible = 0;
		};
		7A4202311864AF47003BC129 /* Build configuration list for PBXNativeTarget "MeetEmTests" */ = {
			isa = XCConfigurationList;
			buildConfigurations = (
				7A4202321864AF47003BC129 /* Debug */,
				7A4202331864AF47003BC129 /* Release */,
			);
			defaultConfigurationIsVisible = 0;
		};
/* End XCConfigurationList section */
	};
	rootObject = 7A4201FA1864AF47003BC129 /* Project object */;
}
